PODS:
  - Kingfisher (4.8.0)
  - SocketRocket (0.5.1)
  - StompClientLib (1.2.2):
    - SocketRocket

DEPENDENCIES:
  - Kingfisher (~> 4.0)
  - StompClientLib

SPEC REPOS:
  https://github.com/cocoapods/specs.git:
    - Kingfisher
    - SocketRocket
    - StompClientLib

SPEC CHECKSUMS:
  Kingfisher: 976d828df2b24834c6a3f2fc4d82cdbd26552be1
  SocketRocket: d57c7159b83c3c6655745cd15302aa24b6bae531
  StompClientLib: 722379c85b96423de965245d2bb9e01e931ce7ed

PODFILE CHECKSUM: fcb794575e94a36dbf92ba9d859b778cd79a15ca

COCOAPODS: 1.5.3
